
Microsoft Visual Studio Solution File, Format Version 12.00
# Visual Studio Version 17
VisualStudioVersion = 17.9.34902.65
MinimumVisualStudioVersion = 10.0.40219.1
Project("{FAE04EC0-301F-11D3-BF4B-00C04F79EFBC}") = "OperTool", "OperTool\OperTool.csproj", "{75312AB9-EC74-470D-AB17-A3E568B2C60E}"
EndProject
Global
	GlobalSection(SolutionConfigurationPlatforms) = preSolution
		Debug|Any CPU = Debug|Any CPU
		Debug|x64 = Debug|x64
		Release|Any CPU = Release|Any CPU
		Release|x64 = Release|x64
	EndGlobalSection
	GlobalSection(ProjectConfigurationPlatforms) = postSolution
		{75312AB9-EC74-470D-AB17-A3E568B2C60E}.Debug|Any CPU.ActiveCfg = Debug|Any CPU
		{75312AB9-EC74-470D-AB17-A3E568B2C60E}.Debug|Any CPU.Build.0 = Debug|Any CPU
		{75312AB9-EC74-470D-AB17-A3E568B2C60E}.Debug|x64.ActiveCfg = Debug|x64
		{75312AB9-EC74-470D-AB17-A3E568B2C60E}.Debug|x64.Build.0 = Debug|x64
		{75312AB9-EC74-470D-AB17-A3E568B2C60E}.Release|Any CPU.ActiveCfg = Release|Any CPU
		{75312AB9-EC74-470D-AB17-A3E568B2C60E}.Release|Any CPU.Build.0 = Release|Any CPU
		{75312AB9-EC74-470D-AB17-A3E568B2C60E}.Release|x64.ActiveCfg = Release|x64
		{75312AB9-EC74-470D-AB17-A3E568B2C60E}.Release|x64.Build.0 = Release|x64
	EndGlobalSection
	GlobalSection(SolutionProperties) = preSolution
		HideSolutionNode = FALSE
	EndGlobalSection
	GlobalSection(ExtensibilityGlobals) = postSolution
		SolutionGuid = {9C2534C1-DDC6-4402-888D-8CC7D957E400}
	EndGlobalSection
EndGlobal
